
Microsoft Visual Studio Solution File, Format Version 12.00
# Visual Studio Version 16
VisualStudioVersion = 16.0.30114.128
MinimumVisualStudioVersion = 10.0.40219.1
Project("{FAE04EC0-301F-11D3-BF4B-00C04F79EFBC}") = "SecurityHeaders", "SecurityHeaders\SecurityHeaders.csproj", "{40D3F4B0-D3CB-42D3-9139-363627BCFF32}"
EndProject
Global
	GlobalSection(SolutionConfigurationPlatforms) = preSolution
		Debug|Any CPU = Debug|Any CPU
		Release|Any CPU = Release|Any CPU
	EndGlobalSection
	GlobalSection(ProjectConfigurationPlatforms) = postSolution
		{40D3F4B0-D3CB-42D3-9139-363627BCFF32}.Debug|Any CPU.ActiveCfg = Debug|Any CPU
		{40D3F4B0-D3CB-42D3-9139-363627BCFF32}.Debug|Any CPU.Build.0 = Debug|Any CPU
		{40D3F4B0-D3CB-42D3-9139-363627BCFF32}.Release|Any CPU.ActiveCfg = Release|Any CPU
		{40D3F4B0-D3CB-42D3-9139-363627BCFF32}.Release|Any CPU.Build.0 = Release|Any CPU
	EndGlobalSection
	GlobalSection(SolutionProperties) = preSolution
		HideSolutionNode = FALSE
	EndGlobalSection
	GlobalSection(ExtensibilityGlobals) = postSolution
		SolutionGuid = {EFF7B04E-2905-4E64-AC3D-CEFF49FB48A4}
	EndGlobalSection
EndGlobal
